
Microsoft Visual Studio Solution File, Format Version 12.00
# Visual Studio Version 17
VisualStudioVersion = 17.8.34330.188
MinimumVisualStudioVersion = 10.0.40219.1
Project("{9A19103F-16F7-4668-BE54-9A1E7A4F7556}") = "ScreenSound", "PrimeiroPrograma\ScreenSound.csproj", "{90D3ADFA-3112-44F2-854D-D146D2B00222}"
EndProject
Global
	GlobalSection(SolutionConfigurationPlatforms) = preSolution
		Debug|Any CPU = Debug|Any CPU
		Release|Any CPU = Release|Any CPU
	EndGlobalSection
	GlobalSection(ProjectConfigurationPlatforms) = postSolution
		{90D3ADFA-3112-44F2-854D-D146D2B00222}.Debug|Any CPU.ActiveCfg = Debug|Any CPU
		{90D3ADFA-3112-44F2-854D-D146D2B00222}.Debug|Any CPU.Build.0 = Debug|Any CPU
		{90D3ADFA-3112-44F2-854D-D146D2B00222}.Release|Any CPU.ActiveCfg = Release|Any CPU
		{90D3ADFA-3112-44F2-854D-D146D2B00222}.Release|Any CPU.Build.0 = Release|Any CPU
	EndGlobalSection
	GlobalSection(SolutionProperties) = preSolution
		HideSolutionNode = FALSE
	EndGlobalSection
	GlobalSection(ExtensibilityGlobals) = postSolution
		SolutionGuid = {B3BC494F-C93C-4B92-B643-B9E31BE057EA}
	EndGlobalSection
EndGlobal
